
Microsoft Visual Studio Solution File, Format Version 12.00
# Visual Studio Version 17
VisualStudioVersion = 17.5.002.0
MinimumVisualStudioVersion = 10.0.40219.1
Project("{9A19103F-16F7-4668-BE54-9A1E7A4F7556}") = "hello-world", "hello-world.csproj", "{02BE76B3-0113-4665-ABC5-8D994C492FAA}"
EndProject
Global
	GlobalSection(SolutionConfigurationPlatforms) = preSolution
		Debug|Any CPU = Debug|Any CPU
		Release|Any CPU = Release|Any CPU
	EndGlobalSection
	GlobalSection(ProjectConfigurationPlatforms) = postSolution
		{02BE76B3-0113-4665-ABC5-8D994C492FAA}.Debug|Any CPU.ActiveCfg = Debug|Any CPU
		{02BE76B3-0113-4665-ABC5-8D994C492FAA}.Debug|Any CPU.Build.0 = Debug|Any CPU
		{02BE76B3-0113-4665-ABC5-8D994C492FAA}.Release|Any CPU.ActiveCfg = Release|Any CPU
		{02BE76B3-0113-4665-ABC5-8D994C492FAA}.Release|Any CPU.Build.0 = Release|Any CPU
	EndGlobalSection
	GlobalSection(SolutionProperties) = preSolution
		HideSolutionNode = FALSE
	EndGlobalSection
	GlobalSection(ExtensibilityGlobals) = postSolution
		SolutionGuid = {0F81AEFB-6AB5-4355-BB8D-28624759C3FB}
	EndGlobalSection
EndGlobal
